<?xml version="1.0" encoding="utf-8"?>
<Project ToolsVersion="4.0" xmlns="http://schemas.microsoft.com/developer/msbuild/2003">
  <ItemGroup>
    <Filter Include="소스 파일">
      <UniqueIdentifier>{4FC737F1-C7A5-4376-A066-2A32D752A2FF}</UniqueIdentifier>
      <Extensions>cpp;c;cc;cxx;c++;cppm;ixx;def;odl;idl;hpj;bat;asm;asmx</Extensions>
    </Filter>
    <Filter Include="헤더 파일">
      <UniqueIdentifier>{93995380-89BD-4b04-88EB-625FBE52EBFB}</UniqueIdentifier>
      <Extensions>h;hh;hpp;hxx;h++;hm;inl;inc;ipp;xsd</Extensions>
    </Filter>
    <Filter Include="리소스 파일">
      <UniqueIdentifier>{67DA6AB6-F800-4c08-8B7A-83BB121AAD01}</UniqueIdentifier>
      <Extensions>rc;ico;cur;bmp;dlg;rc2;rct;bin;rgs;gif;jpg;jpeg;jpe;resx;tiff;tif;png;wav;mfcribbon-ms</Extensions>
    </Filter>
    <Filter Include="DataStructure">
      <UniqueIdentifier>{7e85ea63-c7d2-4738-bcb5-31f1e5b0d710}</UniqueIdentifier>
    </Filter>
    <Filter Include="Log">
      <UniqueIdentifier>{95b1f7fb-00c8-4a83-b885-8778857588aa}</UniqueIdentifier>
    </Filter>
    <Filter Include="Network">
      <UniqueIdentifier>{fe8e1655-8b02-49dd-87fd-685b28db2e7a}</UniqueIdentifier>
    </Filter>
    <Filter Include="Network\Packet">
      <UniqueIdentifier>{014e67d8-d584-41ea-9b95-678d76a19121}</UniqueIdentifier>
    </Filter>
  </ItemGroup>
  <ItemGroup>
    <ClCompile Include="DataStructure\RingBuffer.cpp">
      <Filter>DataStructure</Filter>
    </ClCompile>
    <ClCompile Include="Log\Log.cpp">
      <Filter>Log</Filter>
    </ClCompile>
    <ClCompile Include="Network\Client.cpp">
      <Filter>Network</Filter>
    </ClCompile>
    <ClCompile Include="Network\Server.cpp">
      <Filter>Network</Filter>
    </ClCompile>
    <ClCompile Include="Network\Packet\Packet.cpp">
      <Filter>Network\Packet</Filter>
    </ClCompile>
  </ItemGroup>
  <ItemGroup>
    <ClInclude Include="DataStructure\RingBuffer.h">
      <Filter>DataStructure</Filter>
    </ClInclude>
    <ClInclude Include="Log\Log.h">
      <Filter>Log</Filter>
    </ClInclude>
    <ClInclude Include="Network\Client.h">
      <Filter>Network</Filter>
    </ClInclude>
    <ClInclude Include="Network\Server.h">
      <Filter>Network</Filter>
    </ClInclude>
    <ClInclude Include="Network\Packet\Packet.h">
      <Filter>Network\Packet</Filter>
    </ClInclude>
  </ItemGroup>
</Project>